
Microsoft Visual Studio Solution File, Format Version 12.00
# Visual Studio Version 16
VisualStudioVersion = 16.0.30621.155
MinimumVisualStudioVersion = 10.0.40219.1
Project("{FAE04EC0-301F-11D3-BF4B-00C04F79EFBC}") = "期末專案", "期末專案.csproj", "{B42ED1A0-036B-4BC8-A501-44D45822AA5D}"
EndProject
Global
	GlobalSection(SolutionConfigurationPlatforms) = preSolution
		Debug|Any CPU = Debug|Any CPU
		Release|Any CPU = Release|Any CPU
	EndGlobalSection
	GlobalSection(ProjectConfigurationPlatforms) = postSolution
		{B42ED1A0-036B-4BC8-A501-44D45822AA5D}.Debug|Any CPU.ActiveCfg = Debug|Any CPU
		{B42ED1A0-036B-4BC8-A501-44D45822AA5D}.Debug|Any CPU.Build.0 = Debug|Any CPU
		{B42ED1A0-036B-4BC8-A501-44D45822AA5D}.Release|Any CPU.ActiveCfg = Release|Any CPU
		{B42ED1A0-036B-4BC8-A501-44D45822AA5D}.Release|Any CPU.Build.0 = Release|Any CPU
	EndGlobalSection
	GlobalSection(SolutionProperties) = preSolution
		HideSolutionNode = FALSE
	EndGlobalSection
	GlobalSection(ExtensibilityGlobals) = postSolution
		SolutionGuid = {D1227EB8-020A-44B3-B057-80425C589AF8}
	EndGlobalSection
EndGlobal
